
Microsoft Visual Studio Solution File, Format Version 12.00
# Visual Studio Version 16
VisualStudioVersion = 16.0.30907.101
MinimumVisualStudioVersion = 10.0.40219.1
Project("{8BC9CEB8-8B4A-11D0-8D11-00A0C91BC942}") = "leetcode_111", "leetcode_111\leetcode_111.vcxproj", "{8F13DA66-5E20-4B10-9C8F-D471EF8448D2}"
EndProject
Global
	GlobalSection(SolutionConfigurationPlatforms) = preSolution
		Debug|x64 = Debug|x64
		Debug|x86 = Debug|x86
		Release|x64 = Release|x64
		Release|x86 = Release|x86
	EndGlobalSection
	GlobalSection(ProjectConfigurationPlatforms) = postSolution
		{8F13DA66-5E20-4B10-9C8F-D471EF8448D2}.Debug|x64.ActiveCfg = Debug|x64
		{8F13DA66-5E20-4B10-9C8F-D471EF8448D2}.Debug|x64.Build.0 = Debug|x64
		{8F13DA66-5E20-4B10-9C8F-D471EF8448D2}.Debug|x86.ActiveCfg = Debug|Win32
		{8F13DA66-5E20-4B10-9C8F-D471EF8448D2}.Debug|x86.Build.0 = Debug|Win32
		{8F13DA66-5E20-4B10-9C8F-D471EF8448D2}.Release|x64.ActiveCfg = Release|x64
		{8F13DA66-5E20-4B10-9C8F-D471EF8448D2}.Release|x64.Build.0 = Release|x64
		{8F13DA66-5E20-4B10-9C8F-D471EF8448D2}.Release|x86.ActiveCfg = Release|Win32
		{8F13DA66-5E20-4B10-9C8F-D471EF8448D2}.Release|x86.Build.0 = Release|Win32
	EndGlobalSection
	GlobalSection(SolutionProperties) = preSolution
		HideSolutionNode = FALSE
	EndGlobalSection
	GlobalSection(ExtensibilityGlobals) = postSolution
		SolutionGuid = {9837A797-DDFE-4E6F-B1CC-6EC254BC9E73}
	EndGlobalSection
EndGlobal
