
Microsoft Visual Studio Solution File, Format Version 12.00
# Visual Studio Version 16
VisualStudioVersion = 16.0.31129.286
MinimumVisualStudioVersion = 10.0.40219.1
Project("{8BC9CEB8-8B4A-11D0-8D11-00A0C91BC942}") = "leetcode_239_monotonic_queue", "leetcode_239_monotonic_queue\leetcode_239_monotonic_queue.vcxproj", "{F1D40400-A57D-4DA2-844F-E107036A9FE9}"
EndProject
Global
	GlobalSection(SolutionConfigurationPlatforms) = preSolution
		Debug|x64 = Debug|x64
		Debug|x86 = Debug|x86
		Release|x64 = Release|x64
		Release|x86 = Release|x86
	EndGlobalSection
	GlobalSection(ProjectConfigurationPlatforms) = postSolution
		{F1D40400-A57D-4DA2-844F-E107036A9FE9}.Debug|x64.ActiveCfg = Debug|x64
		{F1D40400-A57D-4DA2-844F-E107036A9FE9}.Debug|x64.Build.0 = Debug|x64
		{F1D40400-A57D-4DA2-844F-E107036A9FE9}.Debug|x86.ActiveCfg = Debug|Win32
		{F1D40400-A57D-4DA2-844F-E107036A9FE9}.Debug|x86.Build.0 = Debug|Win32
		{F1D40400-A57D-4DA2-844F-E107036A9FE9}.Release|x64.ActiveCfg = Release|x64
		{F1D40400-A57D-4DA2-844F-E107036A9FE9}.Release|x64.Build.0 = Release|x64
		{F1D40400-A57D-4DA2-844F-E107036A9FE9}.Release|x86.ActiveCfg = Release|Win32
		{F1D40400-A57D-4DA2-844F-E107036A9FE9}.Release|x86.Build.0 = Release|Win32
	EndGlobalSection
	GlobalSection(SolutionProperties) = preSolution
		HideSolutionNode = FALSE
	EndGlobalSection
	GlobalSection(ExtensibilityGlobals) = postSolution
		SolutionGuid = {1212BF5C-730D-4129-8EE6-BD9F9EC68F39}
	EndGlobalSection
EndGlobal
