
Microsoft Visual Studio Solution File, Format Version 12.00
# Visual Studio Version 16
VisualStudioVersion = 16.0.31129.286
MinimumVisualStudioVersion = 10.0.40219.1
Project("{8BC9CEB8-8B4A-11D0-8D11-00A0C91BC942}") = "interviewer_10.01_Sorted_Merge_LCCI", "interviewer_10.01_Sorted_Merge_LCCI\interviewer_10.01_Sorted_Merge_LCCI.vcxproj", "{AB11E699-9626-4445-A628-77CCD84EDE55}"
EndProject
Project("{8BC9CEB8-8B4A-11D0-8D11-00A0C91BC942}") = "sword_to_offer_51_Inverse_pairs_in_the_array", "sword_to_offer_51_Inverse_pairs_in_the_array\sword_to_offer_51_Inverse_pairs_in_the_array.vcxproj", "{4E9FBDA4-4EA0-4F84-B708-451BCF3A2A76}"
EndProject
Global
	GlobalSection(SolutionConfigurationPlatforms) = preSolution
		Debug|x64 = Debug|x64
		Debug|x86 = Debug|x86
		Release|x64 = Release|x64
		Release|x86 = Release|x86
	EndGlobalSection
	GlobalSection(ProjectConfigurationPlatforms) = postSolution
		{AB11E699-9626-4445-A628-77CCD84EDE55}.Debug|x64.ActiveCfg = Debug|x64
		{AB11E699-9626-4445-A628-77CCD84EDE55}.Debug|x64.Build.0 = Debug|x64
		{AB11E699-9626-4445-A628-77CCD84EDE55}.Debug|x86.ActiveCfg = Debug|Win32
		{AB11E699-9626-4445-A628-77CCD84EDE55}.Debug|x86.Build.0 = Debug|Win32
		{AB11E699-9626-4445-A628-77CCD84EDE55}.Release|x64.ActiveCfg = Release|x64
		{AB11E699-9626-4445-A628-77CCD84EDE55}.Release|x64.Build.0 = Release|x64
		{AB11E699-9626-4445-A628-77CCD84EDE55}.Release|x86.ActiveCfg = Release|Win32
		{AB11E699-9626-4445-A628-77CCD84EDE55}.Release|x86.Build.0 = Release|Win32
		{4E9FBDA4-4EA0-4F84-B708-451BCF3A2A76}.Debug|x64.ActiveCfg = Debug|x64
		{4E9FBDA4-4EA0-4F84-B708-451BCF3A2A76}.Debug|x64.Build.0 = Debug|x64
		{4E9FBDA4-4EA0-4F84-B708-451BCF3A2A76}.Debug|x86.ActiveCfg = Debug|Win32
		{4E9FBDA4-4EA0-4F84-B708-451BCF3A2A76}.Debug|x86.Build.0 = Debug|Win32
		{4E9FBDA4-4EA0-4F84-B708-451BCF3A2A76}.Release|x64.ActiveCfg = Release|x64
		{4E9FBDA4-4EA0-4F84-B708-451BCF3A2A76}.Release|x64.Build.0 = Release|x64
		{4E9FBDA4-4EA0-4F84-B708-451BCF3A2A76}.Release|x86.ActiveCfg = Release|Win32
		{4E9FBDA4-4EA0-4F84-B708-451BCF3A2A76}.Release|x86.Build.0 = Release|Win32
	EndGlobalSection
	GlobalSection(SolutionProperties) = preSolution
		HideSolutionNode = FALSE
	EndGlobalSection
	GlobalSection(ExtensibilityGlobals) = postSolution
		SolutionGuid = {30E7347E-67C4-46EE-B7D6-59F4B191660C}
	EndGlobalSection
EndGlobal
