
Microsoft Visual Studio Solution File, Format Version 12.00
# Visual Studio Version 16
VisualStudioVersion = 16.0.31129.286
MinimumVisualStudioVersion = 10.0.40219.1
Project("{8BC9CEB8-8B4A-11D0-8D11-00A0C91BC942}") = "leetcode_84_Largest_Rectangle_in_Histogram", "leetcode_84_Largest_Rectangle_in_Histogram\leetcode_84_Largest_Rectangle_in_Histogram.vcxproj", "{AC32E427-6011-4F83-BC12-BEEBEB008F49}"
EndProject
Global
	GlobalSection(SolutionConfigurationPlatforms) = preSolution
		Debug|x64 = Debug|x64
		Debug|x86 = Debug|x86
		Release|x64 = Release|x64
		Release|x86 = Release|x86
	EndGlobalSection
	GlobalSection(ProjectConfigurationPlatforms) = postSolution
		{AC32E427-6011-4F83-BC12-BEEBEB008F49}.Debug|x64.ActiveCfg = Debug|x64
		{AC32E427-6011-4F83-BC12-BEEBEB008F49}.Debug|x64.Build.0 = Debug|x64
		{AC32E427-6011-4F83-BC12-BEEBEB008F49}.Debug|x86.ActiveCfg = Debug|Win32
		{AC32E427-6011-4F83-BC12-BEEBEB008F49}.Debug|x86.Build.0 = Debug|Win32
		{AC32E427-6011-4F83-BC12-BEEBEB008F49}.Release|x64.ActiveCfg = Release|x64
		{AC32E427-6011-4F83-BC12-BEEBEB008F49}.Release|x64.Build.0 = Release|x64
		{AC32E427-6011-4F83-BC12-BEEBEB008F49}.Release|x86.ActiveCfg = Release|Win32
		{AC32E427-6011-4F83-BC12-BEEBEB008F49}.Release|x86.Build.0 = Release|Win32
	EndGlobalSection
	GlobalSection(SolutionProperties) = preSolution
		HideSolutionNode = FALSE
	EndGlobalSection
	GlobalSection(ExtensibilityGlobals) = postSolution
		SolutionGuid = {55B443A5-8026-4A64-822B-619813258C45}
	EndGlobalSection
EndGlobal
