
Microsoft Visual Studio Solution File, Format Version 12.00
# Visual Studio Version 16
VisualStudioVersion = 16.0.31129.286
MinimumVisualStudioVersion = 10.0.40219.1
Project("{888888A0-9F3D-457C-B088-3A5042F75D52}") = "leetcode_946_Validate_Stack_Sequences", "leetcode_946_Validate_Stack_Sequences\leetcode_946_Validate_Stack_Sequences.pyproj", "{874643C4-BFC6-402D-9E0B-D1287E765376}"
EndProject
Global
	GlobalSection(SolutionConfigurationPlatforms) = preSolution
		Debug|Any CPU = Debug|Any CPU
		Release|Any CPU = Release|Any CPU
	EndGlobalSection
	GlobalSection(ProjectConfigurationPlatforms) = postSolution
		{874643C4-BFC6-402D-9E0B-D1287E765376}.Debug|Any CPU.ActiveCfg = Debug|Any CPU
		{874643C4-BFC6-402D-9E0B-D1287E765376}.Release|Any CPU.ActiveCfg = Release|Any CPU
	EndGlobalSection
	GlobalSection(SolutionProperties) = preSolution
		HideSolutionNode = FALSE
	EndGlobalSection
	GlobalSection(ExtensibilityGlobals) = postSolution
		SolutionGuid = {8002A75E-66EB-4D78-9048-847317C7E752}
	EndGlobalSection
EndGlobal
