
Microsoft Visual Studio Solution File, Format Version 12.00
# Visual Studio Version 16
VisualStudioVersion = 16.0.31129.286
MinimumVisualStudioVersion = 10.0.40219.1
Project("{8BC9CEB8-8B4A-11D0-8D11-00A0C91BC942}") = "leetcode_516_Longest_Palindromic_Subsequence", "leetcode_516_Longest_Palindromic_Subsequence\leetcode_516_Longest_Palindromic_Subsequence.vcxproj", "{503D6353-C495-4801-94A0-12BEC3ADCA76}"
EndProject
Global
	GlobalSection(SolutionConfigurationPlatforms) = preSolution
		Debug|x64 = Debug|x64
		Debug|x86 = Debug|x86
		Release|x64 = Release|x64
		Release|x86 = Release|x86
	EndGlobalSection
	GlobalSection(ProjectConfigurationPlatforms) = postSolution
		{503D6353-C495-4801-94A0-12BEC3ADCA76}.Debug|x64.ActiveCfg = Debug|x64
		{503D6353-C495-4801-94A0-12BEC3ADCA76}.Debug|x64.Build.0 = Debug|x64
		{503D6353-C495-4801-94A0-12BEC3ADCA76}.Debug|x86.ActiveCfg = Debug|Win32
		{503D6353-C495-4801-94A0-12BEC3ADCA76}.Debug|x86.Build.0 = Debug|Win32
		{503D6353-C495-4801-94A0-12BEC3ADCA76}.Release|x64.ActiveCfg = Release|x64
		{503D6353-C495-4801-94A0-12BEC3ADCA76}.Release|x64.Build.0 = Release|x64
		{503D6353-C495-4801-94A0-12BEC3ADCA76}.Release|x86.ActiveCfg = Release|Win32
		{503D6353-C495-4801-94A0-12BEC3ADCA76}.Release|x86.Build.0 = Release|Win32
	EndGlobalSection
	GlobalSection(SolutionProperties) = preSolution
		HideSolutionNode = FALSE
	EndGlobalSection
	GlobalSection(ExtensibilityGlobals) = postSolution
		SolutionGuid = {61A77DA6-7127-46C1-9151-D87DA2E844AA}
	EndGlobalSection
EndGlobal
