
Microsoft Visual Studio Solution File, Format Version 12.00
# Visual Studio Version 16
VisualStudioVersion = 16.0.31129.286
MinimumVisualStudioVersion = 10.0.40219.1
Project("{8BC9CEB8-8B4A-11D0-8D11-00A0C91BC942}") = "leetcode_226_Invert_Binary_Tree", "leetcode_226_Invert_Binary_Tree\leetcode_226_Invert_Binary_Tree.vcxproj", "{6E73E7DD-1682-405F-9BFA-F1BE8684E5EF}"
EndProject
Global
	GlobalSection(SolutionConfigurationPlatforms) = preSolution
		Debug|x64 = Debug|x64
		Debug|x86 = Debug|x86
		Release|x64 = Release|x64
		Release|x86 = Release|x86
	EndGlobalSection
	GlobalSection(ProjectConfigurationPlatforms) = postSolution
		{6E73E7DD-1682-405F-9BFA-F1BE8684E5EF}.Debug|x64.ActiveCfg = Debug|x64
		{6E73E7DD-1682-405F-9BFA-F1BE8684E5EF}.Debug|x64.Build.0 = Debug|x64
		{6E73E7DD-1682-405F-9BFA-F1BE8684E5EF}.Debug|x86.ActiveCfg = Debug|Win32
		{6E73E7DD-1682-405F-9BFA-F1BE8684E5EF}.Debug|x86.Build.0 = Debug|Win32
		{6E73E7DD-1682-405F-9BFA-F1BE8684E5EF}.Release|x64.ActiveCfg = Release|x64
		{6E73E7DD-1682-405F-9BFA-F1BE8684E5EF}.Release|x64.Build.0 = Release|x64
		{6E73E7DD-1682-405F-9BFA-F1BE8684E5EF}.Release|x86.ActiveCfg = Release|Win32
		{6E73E7DD-1682-405F-9BFA-F1BE8684E5EF}.Release|x86.Build.0 = Release|Win32
	EndGlobalSection
	GlobalSection(SolutionProperties) = preSolution
		HideSolutionNode = FALSE
	EndGlobalSection
	GlobalSection(ExtensibilityGlobals) = postSolution
		SolutionGuid = {83D7E9DE-F9D9-4BEE-B9B9-49FE757214D1}
	EndGlobalSection
EndGlobal
