
Microsoft Visual Studio Solution File, Format Version 12.00
# Visual Studio Version 16
VisualStudioVersion = 16.0.31129.286
MinimumVisualStudioVersion = 10.0.40219.1
Project("{8BC9CEB8-8B4A-11D0-8D11-00A0C91BC942}") = "leetcode_435_Non-overlapping_Intervals", "leetcode_435_Non-overlapping_Intervals\leetcode_435_Non-overlapping_Intervals.vcxproj", "{AB32DEDF-9231-4599-BC9A-0ACB8EC400D4}"
EndProject
Project("{8BC9CEB8-8B4A-11D0-8D11-00A0C91BC942}") = "leetcode_452_Min_Num_of_Arrows_to_Burst_Balloons", "leetcode_452_Min_Num_of_Arrows_to_Burst_Balloons\leetcode_452_Min_Num_of_Arrows_to_Burst_Balloons.vcxproj", "{95D6B0A2-68FD-4AAD-94BD-D96C36CD7F00}"
EndProject
Project("{8BC9CEB8-8B4A-11D0-8D11-00A0C91BC942}") = "leetcode_56_Merge_Intervals", "leetcode_56_Merge_Intervals\leetcode_56_Merge_Intervals.vcxproj", "{FD6A614B-E67A-43DB-885E-92E283670F77}"
EndProject
Global
	GlobalSection(SolutionConfigurationPlatforms) = preSolution
		Debug|x64 = Debug|x64
		Debug|x86 = Debug|x86
		Release|x64 = Release|x64
		Release|x86 = Release|x86
	EndGlobalSection
	GlobalSection(ProjectConfigurationPlatforms) = postSolution
		{AB32DEDF-9231-4599-BC9A-0ACB8EC400D4}.Debug|x64.ActiveCfg = Debug|x64
		{AB32DEDF-9231-4599-BC9A-0ACB8EC400D4}.Debug|x64.Build.0 = Debug|x64
		{AB32DEDF-9231-4599-BC9A-0ACB8EC400D4}.Debug|x86.ActiveCfg = Debug|Win32
		{AB32DEDF-9231-4599-BC9A-0ACB8EC400D4}.Debug|x86.Build.0 = Debug|Win32
		{AB32DEDF-9231-4599-BC9A-0ACB8EC400D4}.Release|x64.ActiveCfg = Release|x64
		{AB32DEDF-9231-4599-BC9A-0ACB8EC400D4}.Release|x64.Build.0 = Release|x64
		{AB32DEDF-9231-4599-BC9A-0ACB8EC400D4}.Release|x86.ActiveCfg = Release|Win32
		{AB32DEDF-9231-4599-BC9A-0ACB8EC400D4}.Release|x86.Build.0 = Release|Win32
		{95D6B0A2-68FD-4AAD-94BD-D96C36CD7F00}.Debug|x64.ActiveCfg = Debug|x64
		{95D6B0A2-68FD-4AAD-94BD-D96C36CD7F00}.Debug|x64.Build.0 = Debug|x64
		{95D6B0A2-68FD-4AAD-94BD-D96C36CD7F00}.Debug|x86.ActiveCfg = Debug|Win32
		{95D6B0A2-68FD-4AAD-94BD-D96C36CD7F00}.Debug|x86.Build.0 = Debug|Win32
		{95D6B0A2-68FD-4AAD-94BD-D96C36CD7F00}.Release|x64.ActiveCfg = Release|x64
		{95D6B0A2-68FD-4AAD-94BD-D96C36CD7F00}.Release|x64.Build.0 = Release|x64
		{95D6B0A2-68FD-4AAD-94BD-D96C36CD7F00}.Release|x86.ActiveCfg = Release|Win32
		{95D6B0A2-68FD-4AAD-94BD-D96C36CD7F00}.Release|x86.Build.0 = Release|Win32
		{FD6A614B-E67A-43DB-885E-92E283670F77}.Debug|x64.ActiveCfg = Debug|x64
		{FD6A614B-E67A-43DB-885E-92E283670F77}.Debug|x64.Build.0 = Debug|x64
		{FD6A614B-E67A-43DB-885E-92E283670F77}.Debug|x86.ActiveCfg = Debug|Win32
		{FD6A614B-E67A-43DB-885E-92E283670F77}.Debug|x86.Build.0 = Debug|Win32
		{FD6A614B-E67A-43DB-885E-92E283670F77}.Release|x64.ActiveCfg = Release|x64
		{FD6A614B-E67A-43DB-885E-92E283670F77}.Release|x64.Build.0 = Release|x64
		{FD6A614B-E67A-43DB-885E-92E283670F77}.Release|x86.ActiveCfg = Release|Win32
		{FD6A614B-E67A-43DB-885E-92E283670F77}.Release|x86.Build.0 = Release|Win32
	EndGlobalSection
	GlobalSection(SolutionProperties) = preSolution
		HideSolutionNode = FALSE
	EndGlobalSection
	GlobalSection(ExtensibilityGlobals) = postSolution
		SolutionGuid = {526FF449-FC93-4004-8AD2-E7B89C154CB3}
	EndGlobalSection
EndGlobal
