
Microsoft Visual Studio Solution File, Format Version 12.00
# Visual Studio Version 16
VisualStudioVersion = 16.0.31129.286
MinimumVisualStudioVersion = 10.0.40219.1
Project("{8BC9CEB8-8B4A-11D0-8D11-00A0C91BC942}") = "leetcode_679_24_Game", "leetcode_679_24_Game\leetcode_679_24_Game.vcxproj", "{62A387D2-2268-43A6-BF98-4F327356F5E9}"
EndProject
Global
	GlobalSection(SolutionConfigurationPlatforms) = preSolution
		Debug|x64 = Debug|x64
		Debug|x86 = Debug|x86
		Release|x64 = Release|x64
		Release|x86 = Release|x86
	EndGlobalSection
	GlobalSection(ProjectConfigurationPlatforms) = postSolution
		{62A387D2-2268-43A6-BF98-4F327356F5E9}.Debug|x64.ActiveCfg = Debug|x64
		{62A387D2-2268-43A6-BF98-4F327356F5E9}.Debug|x64.Build.0 = Debug|x64
		{62A387D2-2268-43A6-BF98-4F327356F5E9}.Debug|x86.ActiveCfg = Debug|Win32
		{62A387D2-2268-43A6-BF98-4F327356F5E9}.Debug|x86.Build.0 = Debug|Win32
		{62A387D2-2268-43A6-BF98-4F327356F5E9}.Release|x64.ActiveCfg = Release|x64
		{62A387D2-2268-43A6-BF98-4F327356F5E9}.Release|x64.Build.0 = Release|x64
		{62A387D2-2268-43A6-BF98-4F327356F5E9}.Release|x86.ActiveCfg = Release|Win32
		{62A387D2-2268-43A6-BF98-4F327356F5E9}.Release|x86.Build.0 = Release|Win32
	EndGlobalSection
	GlobalSection(SolutionProperties) = preSolution
		HideSolutionNode = FALSE
	EndGlobalSection
	GlobalSection(ExtensibilityGlobals) = postSolution
		SolutionGuid = {049440E3-F041-44EA-BC20-B80562CF7042}
	EndGlobalSection
EndGlobal
